// !$*UTF8*$!
{
	archiveVersion = 1;
	classes = {
	};
	objectVersion = 77;
	objects = {

/* Begin PBXBuildFile section */
		2E62CFBB270CD67984B6026C /* Pods_MyWeatherApp.framework in Frameworks */ = {isa = PBXBuildFile; fileRef = 78640DE8036CFC1F18B463ED /* Pods_MyWeatherApp.framework */; };
		4108B51A2D070CAD0075F9DD /* SettingsColors.swift in Sources */ = {isa = PBXBuildFile; fileRef = 4108B5192D070CAD0075F9DD /* SettingsColors.swift */; };
		4120E0E32D0B06DA00E8BF35 /* DataManager.swift in Sources */ = {isa = PBXBuildFile; fileRef = 4120E0E22D0B06D900E8BF35 /* DataManager.swift */; };
		4120E0FB2D11B9D400E8BF35 /* SettingsData.swift in Sources */ = {isa = PBXBuildFile; fileRef = 4120E0FA2D11B9D400E8BF35 /* SettingsData.swift */; };
		4120E10C2D141DE900E8BF35 /* Extentions.swift in Sources */ = {isa = PBXBuildFile; fileRef = 4120E10B2D141DE900E8BF35 /* Extentions.swift */; };
		415A04132D20576000BF0909 /* AuthViewController.swift in Sources */ = {isa = PBXBuildFile; fileRef = 415A04122D20576000BF0909 /* AuthViewController.swift */; };
		415A04162D205B0500BF0909 /* AuthPresenter.swift in Sources */ = {isa = PBXBuildFile; fileRef = 415A04152D205B0500BF0909 /* AuthPresenter.swift */; };
		415A041A2D205BBC00BF0909 /* AuthRouter.swift in Sources */ = {isa = PBXBuildFile; fileRef = 415A04192D205BBC00BF0909 /* AuthRouter.swift */; };
		415A041C2D205C2D00BF0909 /* AuthInteractor.swift in Sources */ = {isa = PBXBuildFile; fileRef = 415A041B2D205C2D00BF0909 /* AuthInteractor.swift */; };
		415A041E2D205C7E00BF0909 /* AuthModuleBuilder.swift in Sources */ = {isa = PBXBuildFile; fileRef = 415A041D2D205C7E00BF0909 /* AuthModuleBuilder.swift */; };
		415A04212D2083A400BF0909 /* FireBaseAuthManager.swift in Sources */ = {isa = PBXBuildFile; fileRef = 415A04202D2083A400BF0909 /* FireBaseAuthManager.swift */; };
		415A04232D2085DC00BF0909 /* GoogleService-Info.plist in Resources */ = {isa = PBXBuildFile; fileRef = 415A04222D2085DC00BF0909 /* GoogleService-Info.plist */; };
		415A04362D21648700BF0909 /* AccountInfo.swift in Sources */ = {isa = PBXBuildFile; fileRef = 415A04352D21647A00BF0909 /* AccountInfo.swift */; };
		415A043D2D21658F00BF0909 /* ModeView.swift in Sources */ = {isa = PBXBuildFile; fileRef = 415A04372D21658F00BF0909 /* ModeView.swift */; };
		415A043E2D21658F00BF0909 /* PressureView.swift in Sources */ = {isa = PBXBuildFile; fileRef = 415A04382D21658F00BF0909 /* PressureView.swift */; };
		415A043F2D21658F00BF0909 /* TempView.swift in Sources */ = {isa = PBXBuildFile; fileRef = 415A04392D21658F00BF0909 /* TempView.swift */; };
		415A04402D21658F00BF0909 /* WindView.swift in Sources */ = {isa = PBXBuildFile; fileRef = 415A043A2D21658F00BF0909 /* WindView.swift */; };
		415A04432D2165B900BF0909 /* SignUpViewController.swift in Sources */ = {isa = PBXBuildFile; fileRef = 415A04422D2165AE00BF0909 /* SignUpViewController.swift */; };
		415A04452D2165C600BF0909 /* SignUpPresenter.swift in Sources */ = {isa = PBXBuildFile; fileRef = 415A04442D2165BC00BF0909 /* SignUpPresenter.swift */; };
		415A04472D2165D200BF0909 /* SignUpInteractor.swift in Sources */ = {isa = PBXBuildFile; fileRef = 415A04462D2165CA00BF0909 /* SignUpInteractor.swift */; };
		415A04492D2165DC00BF0909 /* SignUpRouter.swift in Sources */ = {isa = PBXBuildFile; fileRef = 415A04482D2165D500BF0909 /* SignUpRouter.swift */; };
		415A044B2D2165ED00BF0909 /* SignUpModuleBuilder.swift in Sources */ = {isa = PBXBuildFile; fileRef = 415A044A2D2165DF00BF0909 /* SignUpModuleBuilder.swift */; };
		415A04512D2176C800BF0909 /* VKAuthManager.swift in Sources */ = {isa = PBXBuildFile; fileRef = 415A04502D2176C100BF0909 /* VKAuthManager.swift */; };
		415A04532D23320300BF0909 /* UDStrorageManager.swift in Sources */ = {isa = PBXBuildFile; fileRef = 415A04522D23320300BF0909 /* UDStrorageManager.swift */; };
		ED86FDA82CF8857F00FB9882 /* AppDelegate.swift in Sources */ = {isa = PBXBuildFile; fileRef = ED86FDA72CF8857F00FB9882 /* AppDelegate.swift */; };
		ED86FDAA2CF8857F00FB9882 /* SceneDelegate.swift in Sources */ = {isa = PBXBuildFile; fileRef = ED86FDA92CF8857F00FB9882 /* SceneDelegate.swift */; };
		ED86FDB12CF8858000FB9882 /* Assets.xcassets in Resources */ = {isa = PBXBuildFile; fileRef = ED86FDB02CF8858000FB9882 /* Assets.xcassets */; };
		ED86FDB42CF8858000FB9882 /* Base in Resources */ = {isa = PBXBuildFile; fileRef = ED86FDB32CF8858000FB9882 /* Base */; };
		ED86FDBD2CF889C000FB9882 /* MainPresenter.swift in Sources */ = {isa = PBXBuildFile; fileRef = ED86FDBC2CF889C000FB9882 /* MainPresenter.swift */; };
		ED86FDBF2CF88A7400FB9882 /* MainRouter.swift in Sources */ = {isa = PBXBuildFile; fileRef = ED86FDBE2CF88A7400FB9882 /* MainRouter.swift */; };
		ED86FDC12CF88AB900FB9882 /* MainInteractor.swift in Sources */ = {isa = PBXBuildFile; fileRef = ED86FDC02CF88AB900FB9882 /* MainInteractor.swift */; };
		ED86FDC32CF88B0800FB9882 /* MainModuleBuilder.swift in Sources */ = {isa = PBXBuildFile; fileRef = ED86FDC22CF88B0800FB9882 /* MainModuleBuilder.swift */; };
		ED86FDC62CF8984500FB9882 /* SettingsViewController.swift in Sources */ = {isa = PBXBuildFile; fileRef = ED86FDC52CF8984500FB9882 /* SettingsViewController.swift */; };
		ED86FDC82CF8986000FB9882 /* SettingsPresenter.swift in Sources */ = {isa = PBXBuildFile; fileRef = ED86FDC72CF8986000FB9882 /* SettingsPresenter.swift */; };
		ED86FDCA2CF8986B00FB9882 /* SettingsRouter.swift in Sources */ = {isa = PBXBuildFile; fileRef = ED86FDC92CF8986B00FB9882 /* SettingsRouter.swift */; };
		ED86FDCC2CF8988500FB9882 /* SettingsInteractor.swift in Sources */ = {isa = PBXBuildFile; fileRef = ED86FDCB2CF8988500FB9882 /* SettingsInteractor.swift */; };
		ED86FDCE2CF8989500FB9882 /* SettingsModuleBuilder.swift in Sources */ = {isa = PBXBuildFile; fileRef = ED86FDCD2CF8989500FB9882 /* SettingsModuleBuilder.swift */; };
		ED86FDD32CF9C71F00FB9882 /* WeatherManager.swift in Sources */ = {isa = PBXBuildFile; fileRef = ED86FDD22CF9C71F00FB9882 /* WeatherManager.swift */; };
		ED86FDD82CF9C7E800FB9882 /* WeatherData.swift in Sources */ = {isa = PBXBuildFile; fileRef = ED86FDD72CF9C7E800FB9882 /* WeatherData.swift */; };
		ED86FDDA2CF9C88C00FB9882 /* MainViewController.swift in Sources */ = {isa = PBXBuildFile; fileRef = ED86FDD92CF9C88B00FB9882 /* MainViewController.swift */; };
		ED86FDDF2CFA003400FB9882 /* TodaysWeatherInfoCVCell.swift in Sources */ = {isa = PBXBuildFile; fileRef = ED86FDDE2CFA003400FB9882 /* TodaysWeatherInfoCVCell.swift */; };
		ED86FDE12CFA007300FB9882 /* TodaysHourTempInfoCVCell.swift in Sources */ = {isa = PBXBuildFile; fileRef = ED86FDE02CFA007300FB9882 /* TodaysHourTempInfoCVCell.swift */; };
		ED86FDE32CFA008300FB9882 /* ActivityCVCell.swift in Sources */ = {isa = PBXBuildFile; fileRef = ED86FDE22CFA008300FB9882 /* ActivityCVCell.swift */; };
		ED86FDE52CFA00A900FB9882 /* XDaysCVCell.swift in Sources */ = {isa = PBXBuildFile; fileRef = ED86FDE42CFA00A900FB9882 /* XDaysCVCell.swift */; };
		ED86FDE72CFDE4B400FB9882 /* SectionsData.swift in Sources */ = {isa = PBXBuildFile; fileRef = ED86FDE62CFDE4B400FB9882 /* SectionsData.swift */; };
		ED86FDEC2CFDE9BA00FB9882 /* MainCellModel.swift in Sources */ = {isa = PBXBuildFile; fileRef = ED86FDEB2CFDE9BA00FB9882 /* MainCellModel.swift */; };
		ED86FDEE2CFF2A2600FB9882 /* FirstWeatherInfoCVCell.swift in Sources */ = {isa = PBXBuildFile; fileRef = ED86FDED2CFF2A2600FB9882 /* FirstWeatherInfoCVCell.swift */; };
		ED86FDF02CFF39EB00FB9882 /* MainLayout.swift in Sources */ = {isa = PBXBuildFile; fileRef = ED86FDEF2CFF39EB00FB9882 /* MainLayout.swift */; };
		ED86FDF52D00CC7D00FB9882 /* SummaryView.swift in Sources */ = {isa = PBXBuildFile; fileRef = ED86FDF42D00CC7D00FB9882 /* SummaryView.swift */; };
		ED86FDF72D00CD9800FB9882 /* MainColors.swift in Sources */ = {isa = PBXBuildFile; fileRef = ED86FDF62D00CD9800FB9882 /* MainColors.swift */; };
/* End PBXBuildFile section */

/* Begin PBXFileReference section */
		4108B5192D070CAD0075F9DD /* SettingsColors.swift */ = {isa = PBXFileReference; lastKnownFileType = sourcecode.swift; path = SettingsColors.swift; sourceTree = "<group>"; };
		4120E0E22D0B06D900E8BF35 /* DataManager.swift */ = {isa = PBXFileReference; lastKnownFileType = sourcecode.swift; path = DataManager.swift; sourceTree = "<group>"; };
		4120E0FA2D11B9D400E8BF35 /* SettingsData.swift */ = {isa = PBXFileReference; lastKnownFileType = sourcecode.swift; path = SettingsData.swift; sourceTree = "<group>"; };
		4120E10B2D141DE900E8BF35 /* Extentions.swift */ = {isa = PBXFileReference; lastKnownFileType = sourcecode.swift; path = Extentions.swift; sourceTree = "<group>"; };
		415A04122D20576000BF0909 /* AuthViewController.swift */ = {isa = PBXFileReference; lastKnownFileType = sourcecode.swift; path = AuthViewController.swift; sourceTree = "<group>"; };
		415A04152D205B0500BF0909 /* AuthPresenter.swift */ = {isa = PBXFileReference; lastKnownFileType = sourcecode.swift; path = AuthPresenter.swift; sourceTree = "<group>"; };
		415A04192D205BBC00BF0909 /* AuthRouter.swift */ = {isa = PBXFileReference; lastKnownFileType = sourcecode.swift; path = AuthRouter.swift; sourceTree = "<group>"; };
		415A041B2D205C2D00BF0909 /* AuthInteractor.swift */ = {isa = PBXFileReference; lastKnownFileType = sourcecode.swift; path = AuthInteractor.swift; sourceTree = "<group>"; };
		415A041D2D205C7E00BF0909 /* AuthModuleBuilder.swift */ = {isa = PBXFileReference; lastKnownFileType = sourcecode.swift; path = AuthModuleBuilder.swift; sourceTree = "<group>"; };
		415A04202D2083A400BF0909 /* FireBaseAuthManager.swift */ = {isa = PBXFileReference; lastKnownFileType = sourcecode.swift; path = FireBaseAuthManager.swift; sourceTree = "<group>"; };
		415A04222D2085DC00BF0909 /* GoogleService-Info.plist */ = {isa = PBXFileReference; lastKnownFileType = text.plist.xml; path = "GoogleService-Info.plist"; sourceTree = "<group>"; };
		415A04352D21647A00BF0909 /* AccountInfo.swift */ = {isa = PBXFileReference; lastKnownFileType = sourcecode.swift; path = AccountInfo.swift; sourceTree = "<group>"; };
		415A04372D21658F00BF0909 /* ModeView.swift */ = {isa = PBXFileReference; lastKnownFileType = sourcecode.swift; path = ModeView.swift; sourceTree = "<group>"; };
		415A04382D21658F00BF0909 /* PressureView.swift */ = {isa = PBXFileReference; lastKnownFileType = sourcecode.swift; path = PressureView.swift; sourceTree = "<group>"; };
		415A04392D21658F00BF0909 /* TempView.swift */ = {isa = PBXFileReference; lastKnownFileType = sourcecode.swift; path = TempView.swift; sourceTree = "<group>"; };
		415A043A2D21658F00BF0909 /* WindView.swift */ = {isa = PBXFileReference; lastKnownFileType = sourcecode.swift; path = WindView.swift; sourceTree = "<group>"; };
		415A04422D2165AE00BF0909 /* SignUpViewController.swift */ = {isa = PBXFileReference; lastKnownFileType = sourcecode.swift; path = SignUpViewController.swift; sourceTree = "<group>"; };
		415A04442D2165BC00BF0909 /* SignUpPresenter.swift */ = {isa = PBXFileReference; lastKnownFileType = sourcecode.swift; path = SignUpPresenter.swift; sourceTree = "<group>"; };
		415A04462D2165CA00BF0909 /* SignUpInteractor.swift */ = {isa = PBXFileReference; lastKnownFileType = sourcecode.swift; path = SignUpInteractor.swift; sourceTree = "<group>"; };
		415A04482D2165D500BF0909 /* SignUpRouter.swift */ = {isa = PBXFileReference; lastKnownFileType = sourcecode.swift; path = SignUpRouter.swift; sourceTree = "<group>"; };
		415A044A2D2165DF00BF0909 /* SignUpModuleBuilder.swift */ = {isa = PBXFileReference; lastKnownFileType = sourcecode.swift; path = SignUpModuleBuilder.swift; sourceTree = "<group>"; };
		415A04502D2176C100BF0909 /* VKAuthManager.swift */ = {isa = PBXFileReference; lastKnownFileType = sourcecode.swift; path = VKAuthManager.swift; sourceTree = "<group>"; };
		415A04522D23320300BF0909 /* UDStrorageManager.swift */ = {isa = PBXFileReference; lastKnownFileType = sourcecode.swift; path = UDStrorageManager.swift; sourceTree = "<group>"; };
		78640DE8036CFC1F18B463ED /* Pods_MyWeatherApp.framework */ = {isa = PBXFileReference; explicitFileType = wrapper.framework; includeInIndex = 0; path = Pods_MyWeatherApp.framework; sourceTree = BUILT_PRODUCTS_DIR; };
		D3409DDDDCC20B3ACF236C42 /* Pods-MyWeatherApp.debug.xcconfig */ = {isa = PBXFileReference; includeInIndex = 1; lastKnownFileType = text.xcconfig; name = "Pods-MyWeatherApp.debug.xcconfig"; path = "Target Support Files/Pods-MyWeatherApp/Pods-MyWeatherApp.debug.xcconfig"; sourceTree = "<group>"; };
		ED86FDA42CF8857F00FB9882 /* MyWeatherApp.app */ = {isa = PBXFileReference; explicitFileType = wrapper.application; includeInIndex = 0; path = MyWeatherApp.app; sourceTree = BUILT_PRODUCTS_DIR; };
		ED86FDA72CF8857F00FB9882 /* AppDelegate.swift */ = {isa = PBXFileReference; lastKnownFileType = sourcecode.swift; path = AppDelegate.swift; sourceTree = "<group>"; };
		ED86FDA92CF8857F00FB9882 /* SceneDelegate.swift */ = {isa = PBXFileReference; lastKnownFileType = sourcecode.swift; path = SceneDelegate.swift; sourceTree = "<group>"; };
		ED86FDB02CF8858000FB9882 /* Assets.xcassets */ = {isa = PBXFileReference; lastKnownFileType = folder.assetcatalog; path = Assets.xcassets; sourceTree = "<group>"; };
		ED86FDB32CF8858000FB9882 /* Base */ = {isa = PBXFileReference; lastKnownFileType = file.storyboard; name = Base; path = Base.lproj/LaunchScreen.storyboard; sourceTree = "<group>"; };
		ED86FDB52CF8858000FB9882 /* Info.plist */ = {isa = PBXFileReference; lastKnownFileType = text.plist.xml; path = Info.plist; sourceTree = "<group>"; };
		ED86FDBC2CF889C000FB9882 /* MainPresenter.swift */ = {isa = PBXFileReference; lastKnownFileType = sourcecode.swift; path = MainPresenter.swift; sourceTree = "<group>"; };
		ED86FDBE2CF88A7400FB9882 /* MainRouter.swift */ = {isa = PBXFileReference; lastKnownFileType = sourcecode.swift; path = MainRouter.swift; sourceTree = "<group>"; };
		ED86FDC02CF88AB900FB9882 /* MainInteractor.swift */ = {isa = PBXFileReference; lastKnownFileType = sourcecode.swift; path = MainInteractor.swift; sourceTree = "<group>"; };
		ED86FDC22CF88B0800FB9882 /* MainModuleBuilder.swift */ = {isa = PBXFileReference; lastKnownFileType = sourcecode.swift; path = MainModuleBuilder.swift; sourceTree = "<group>"; };
		ED86FDC52CF8984500FB9882 /* SettingsViewController.swift */ = {isa = PBXFileReference; lastKnownFileType = sourcecode.swift; path = SettingsViewController.swift; sourceTree = "<group>"; };
		ED86FDC72CF8986000FB9882 /* SettingsPresenter.swift */ = {isa = PBXFileReference; lastKnownFileType = sourcecode.swift; path = SettingsPresenter.swift; sourceTree = "<group>"; };
		ED86FDC92CF8986B00FB9882 /* SettingsRouter.swift */ = {isa = PBXFileReference; lastKnownFileType = sourcecode.swift; path = SettingsRouter.swift; sourceTree = "<group>"; };
		ED86FDCB2CF8988500FB9882 /* SettingsInteractor.swift */ = {isa = PBXFileReference; lastKnownFileType = sourcecode.swift; path = SettingsInteractor.swift; sourceTree = "<group>"; };
		ED86FDCD2CF8989500FB9882 /* SettingsModuleBuilder.swift */ = {isa = PBXFileReference; lastKnownFileType = sourcecode.swift; path = SettingsModuleBuilder.swift; sourceTree = "<group>"; };
		ED86FDD22CF9C71F00FB9882 /* WeatherManager.swift */ = {isa = PBXFileReference; lastKnownFileType = sourcecode.swift; path = WeatherManager.swift; sourceTree = "<group>"; };
		ED86FDD72CF9C7E800FB9882 /* WeatherData.swift */ = {isa = PBXFileReference; lastKnownFileType = sourcecode.swift; path = WeatherData.swift; sourceTree = "<group>"; };
		ED86FDD92CF9C88B00FB9882 /* MainViewController.swift */ = {isa = PBXFileReference; fileEncoding = 4; lastKnownFileType = sourcecode.swift; path = MainViewController.swift; sourceTree = "<group>"; };
		ED86FDDE2CFA003400FB9882 /* TodaysWeatherInfoCVCell.swift */ = {isa = PBXFileReference; lastKnownFileType = sourcecode.swift; path = TodaysWeatherInfoCVCell.swift; sourceTree = "<group>"; };
		ED86FDE02CFA007300FB9882 /* TodaysHourTempInfoCVCell.swift */ = {isa = PBXFileReference; lastKnownFileType = sourcecode.swift; path = TodaysHourTempInfoCVCell.swift; sourceTree = "<group>"; };
		ED86FDE22CFA008300FB9882 /* ActivityCVCell.swift */ = {isa = PBXFileReference; lastKnownFileType = sourcecode.swift; path = ActivityCVCell.swift; sourceTree = "<group>"; };
		ED86FDE42CFA00A900FB9882 /* XDaysCVCell.swift */ = {isa = PBXFileReference; lastKnownFileType = sourcecode.swift; path = XDaysCVCell.swift; sourceTree = "<group>"; };
		ED86FDE62CFDE4B400FB9882 /* SectionsData.swift */ = {isa = PBXFileReference; lastKnownFileType = sourcecode.swift; path = SectionsData.swift; sourceTree = "<group>"; };
		ED86FDEB2CFDE9BA00FB9882 /* MainCellModel.swift */ = {isa = PBXFileReference; lastKnownFileType = sourcecode.swift; path = MainCellModel.swift; sourceTree = "<group>"; };
		ED86FDED2CFF2A2600FB9882 /* FirstWeatherInfoCVCell.swift */ = {isa = PBXFileReference; lastKnownFileType = sourcecode.swift; path = FirstWeatherInfoCVCell.swift; sourceTree = "<group>"; };
		ED86FDEF2CFF39EB00FB9882 /* MainLayout.swift */ = {isa = PBXFileReference; lastKnownFileType = sourcecode.swift; path = MainLayout.swift; sourceTree = "<group>"; };
		ED86FDF42D00CC7D00FB9882 /* SummaryView.swift */ = {isa = PBXFileReference; lastKnownFileType = sourcecode.swift; path = SummaryView.swift; sourceTree = "<group>"; };
		ED86FDF62D00CD9800FB9882 /* MainColors.swift */ = {isa = PBXFileReference; lastKnownFileType = sourcecode.swift; path = MainColors.swift; sourceTree = "<group>"; };
		F5925BD42301CDA1CD2CA709 /* Pods-MyWeatherApp.release.xcconfig */ = {isa = PBXFileReference; includeInIndex = 1; lastKnownFileType = text.xcconfig; name = "Pods-MyWeatherApp.release.xcconfig"; path = "Target Support Files/Pods-MyWeatherApp/Pods-MyWeatherApp.release.xcconfig"; sourceTree = "<group>"; };
/* End PBXFileReference section */

/* Begin PBXFrameworksBuildPhase section */
		ED86FDA12CF8857F00FB9882 /* Frameworks */ = {
			isa = PBXFrameworksBuildPhase;
			buildActionMask = 2147483647;
			files = (
				2E62CFBB270CD67984B6026C /* Pods_MyWeatherApp.framework in Frameworks */,
			);
			runOnlyForDeploymentPostprocessing = 0;
		};
/* End PBXFrameworksBuildPhase section */

/* Begin PBXGroup section */
		4108B5182D070C7A0075F9DD /* MainVIPER */ = {
			isa = PBXGroup;
			children = (
				ED86FDBC2CF889C000FB9882 /* MainPresenter.swift */,
				ED86FDBE2CF88A7400FB9882 /* MainRouter.swift */,
				ED86FDC02CF88AB900FB9882 /* MainInteractor.swift */,
				ED86FDC22CF88B0800FB9882 /* MainModuleBuilder.swift */,
				ED86FDD92CF9C88B00FB9882 /* MainViewController.swift */,
			);
			path = MainVIPER;
			sourceTree = "<group>";
		};
		4120E10D2D1833EB00E8BF35 /* SettingsViper */ = {
			isa = PBXGroup;
			children = (
				ED86FDC72CF8986000FB9882 /* SettingsPresenter.swift */,
				ED86FDC92CF8986B00FB9882 /* SettingsRouter.swift */,
				ED86FDCB2CF8988500FB9882 /* SettingsInteractor.swift */,
				ED86FDCD2CF8989500FB9882 /* SettingsModuleBuilder.swift */,
				ED86FDC52CF8984500FB9882 /* SettingsViewController.swift */,
			);
			path = SettingsViper;
			sourceTree = "<group>";
		};
		415A04142D205AED00BF0909 /* Auth */ = {
			isa = PBXGroup;
			children = (
				415A041F2D20838400BF0909 /* AuthViper */,
				415A04352D21647A00BF0909 /* AccountInfo.swift */,
			);
			path = Auth;
			sourceTree = "<group>";
		};
		415A041F2D20838400BF0909 /* AuthViper */ = {
			isa = PBXGroup;
			children = (
				415A04122D20576000BF0909 /* AuthViewController.swift */,
				415A04152D205B0500BF0909 /* AuthPresenter.swift */,
				415A04192D205BBC00BF0909 /* AuthRouter.swift */,
				415A041B2D205C2D00BF0909 /* AuthInteractor.swift */,
				415A041D2D205C7E00BF0909 /* AuthModuleBuilder.swift */,
			);
			path = AuthViper;
			sourceTree = "<group>";
		};
		415A042D2D2162E400BF0909 /* Managers */ = {
			isa = PBXGroup;
			children = (
				415A04502D2176C100BF0909 /* VKAuthManager.swift */,
				ED86FDD22CF9C71F00FB9882 /* WeatherManager.swift */,
				415A04202D2083A400BF0909 /* FireBaseAuthManager.swift */,
				415A04522D23320300BF0909 /* UDStrorageManager.swift */,
			);
			path = Managers;
			sourceTree = "<group>";
		};
		415A042E2D21638100BF0909 /* CellsData */ = {
			isa = PBXGroup;
			children = (
				ED86FDE62CFDE4B400FB9882 /* SectionsData.swift */,
				ED86FDEB2CFDE9BA00FB9882 /* MainCellModel.swift */,
			);
			path = CellsData;
			sourceTree = "<group>";
		};
		415A043B2D21658F00BF0909 /* CustomSettingView */ = {
			isa = PBXGroup;
			children = (
				415A04372D21658F00BF0909 /* ModeView.swift */,
				415A04382D21658F00BF0909 /* PressureView.swift */,
				415A04392D21658F00BF0909 /* TempView.swift */,
				415A043A2D21658F00BF0909 /* WindView.swift */,
			);
			path = CustomSettingView;
			sourceTree = "<group>";
		};
		415A043C2D21658F00BF0909 /* SubViews */ = {
			isa = PBXGroup;
			children = (
				415A043B2D21658F00BF0909 /* CustomSettingView */,
			);
			path = SubViews;
			sourceTree = "<group>";
		};
		415A04412D21659900BF0909 /* SignUp */ = {
			isa = PBXGroup;
			children = (
				415A044A2D2165DF00BF0909 /* SignUpModuleBuilder.swift */,
				415A04482D2165D500BF0909 /* SignUpRouter.swift */,
				415A04462D2165CA00BF0909 /* SignUpInteractor.swift */,
				415A04442D2165BC00BF0909 /* SignUpPresenter.swift */,
				415A04422D2165AE00BF0909 /* SignUpViewController.swift */,
			);
			path = SignUp;
			sourceTree = "<group>";
		};
		631B29035B983BC4FC4E4F0C /* Pods */ = {
			isa = PBXGroup;
			children = (
				D3409DDDDCC20B3ACF236C42 /* Pods-MyWeatherApp.debug.xcconfig */,
				F5925BD42301CDA1CD2CA709 /* Pods-MyWeatherApp.release.xcconfig */,
			);
			path = Pods;
			sourceTree = "<group>";
		};
		C47864267A77D49D27C67E9B /* Frameworks */ = {
			isa = PBXGroup;
			children = (
				78640DE8036CFC1F18B463ED /* Pods_MyWeatherApp.framework */,
			);
			name = Frameworks;
			sourceTree = "<group>";
		};
		ED86FD9B2CF8857F00FB9882 = {
			isa = PBXGroup;
			children = (
				ED86FDA62CF8857F00FB9882 /* MyWeatherApp */,
				ED86FDA52CF8857F00FB9882 /* Products */,
				631B29035B983BC4FC4E4F0C /* Pods */,
				C47864267A77D49D27C67E9B /* Frameworks */,
			);
			sourceTree = "<group>";
		};
		ED86FDA52CF8857F00FB9882 /* Products */ = {
			isa = PBXGroup;
			children = (
				ED86FDA42CF8857F00FB9882 /* MyWeatherApp.app */,
			);
			name = Products;
			sourceTree = "<group>";
		};
		ED86FDA62CF8857F00FB9882 /* MyWeatherApp */ = {
			isa = PBXGroup;
			children = (
				415A04412D21659900BF0909 /* SignUp */,
				415A04142D205AED00BF0909 /* Auth */,
				ED86FDC42CF8982B00FB9882 /* Settings */,
				ED86FDBB2CF887F400FB9882 /* Main */,
				415A042D2D2162E400BF0909 /* Managers */,
				ED86FDA92CF8857F00FB9882 /* SceneDelegate.swift */,
				ED86FDA72CF8857F00FB9882 /* AppDelegate.swift */,
				4120E10B2D141DE900E8BF35 /* Extentions.swift */,
				ED86FDB02CF8858000FB9882 /* Assets.xcassets */,
				ED86FDB22CF8858000FB9882 /* LaunchScreen.storyboard */,
				ED86FDB52CF8858000FB9882 /* Info.plist */,
				415A04222D2085DC00BF0909 /* GoogleService-Info.plist */,
			);
			path = MyWeatherApp;
			sourceTree = "<group>";
		};
		ED86FDBB2CF887F400FB9882 /* Main */ = {
			isa = PBXGroup;
			children = (
				4108B5182D070C7A0075F9DD /* MainVIPER */,
				ED86FDD12CF9BF1400FB9882 /* SubViews */,
				ED86FDF12D0081E500FB9882 /* Layout */,
				ED86FDD62CF9C7C100FB9882 /* Weather */,
				ED86FDF62D00CD9800FB9882 /* MainColors.swift */,
			);
			path = Main;
			sourceTree = "<group>";
		};
		ED86FDC42CF8982B00FB9882 /* Settings */ = {
			isa = PBXGroup;
			children = (
				4120E10D2D1833EB00E8BF35 /* SettingsViper */,
				415A043C2D21658F00BF0909 /* SubViews */,
				4120E0FA2D11B9D400E8BF35 /* SettingsData.swift */,
				4108B5192D070CAD0075F9DD /* SettingsColors.swift */,
			);
			path = Settings;
			sourceTree = "<group>";
		};
		ED86FDD12CF9BF1400FB9882 /* SubViews */ = {
			isa = PBXGroup;
			children = (
				ED86FDF42D00CC7D00FB9882 /* SummaryView.swift */,
				ED86FDDD2CFA002100FB9882 /* Cells */,
			);
			path = SubViews;
			sourceTree = "<group>";
		};
		ED86FDD62CF9C7C100FB9882 /* Weather */ = {
			isa = PBXGroup;
			children = (
				4120E0E22D0B06D900E8BF35 /* DataManager.swift */,
				ED86FDD72CF9C7E800FB9882 /* WeatherData.swift */,
			);
			path = Weather;
			sourceTree = "<group>";
		};
		ED86FDDD2CFA002100FB9882 /* Cells */ = {
			isa = PBXGroup;
			children = (
				415A042E2D21638100BF0909 /* CellsData */,
				ED86FDED2CFF2A2600FB9882 /* FirstWeatherInfoCVCell.swift */,
				ED86FDDE2CFA003400FB9882 /* TodaysWeatherInfoCVCell.swift */,
				ED86FDE02CFA007300FB9882 /* TodaysHourTempInfoCVCell.swift */,
				ED86FDE22CFA008300FB9882 /* ActivityCVCell.swift */,
				ED86FDE42CFA00A900FB9882 /* XDaysCVCell.swift */,
			);
			path = Cells;
			sourceTree = "<group>";
		};
		ED86FDF12D0081E500FB9882 /* Layout */ = {
			isa = PBXGroup;
			children = (
				ED86FDEF2CFF39EB00FB9882 /* MainLayout.swift */,
			);
			path = Layout;
			sourceTree = "<group>";
		};
/* End PBXGroup section */

/* Begin PBXNativeTarget section */
		ED86FDA32CF8857F00FB9882 /* MyWeatherApp */ = {
			isa = PBXNativeTarget;
			buildConfigurationList = ED86FDB82CF8858000FB9882 /* Build configuration list for PBXNativeTarget "MyWeatherApp" */;
			buildPhases = (
				FC49E8ACFC583694EAFB11A3 /* [CP] Check Pods Manifest.lock */,
				ED86FDA02CF8857F00FB9882 /* Sources */,
				ED86FDA12CF8857F00FB9882 /* Frameworks */,
				ED86FDA22CF8857F00FB9882 /* Resources */,
				E39A75561F1FA6EA340695DB /* [CP] Embed Pods Frameworks */,
			);
			buildRules = (
			);
			dependencies = (
			);
			name = MyWeatherApp;
			productName = MyWeatherApp;
			productReference = ED86FDA42CF8857F00FB9882 /* MyWeatherApp.app */;
			productType = "com.apple.product-type.application";
		};
/* End PBXNativeTarget section */

/* Begin PBXProject section */
		ED86FD9C2CF8857F00FB9882 /* Project object */ = {
			isa = PBXProject;
			attributes = {
				BuildIndependentTargetsInParallel = 1;
				LastSwiftUpdateCheck = 1540;
				LastUpgradeCheck = 1540;
				TargetAttributes = {
					ED86FDA32CF8857F00FB9882 = {
						CreatedOnToolsVersion = 15.4;
					};
				};
			};
			buildConfigurationList = ED86FD9F2CF8857F00FB9882 /* Build configuration list for PBXProject "MyWeatherApp" */;
			developmentRegion = en;
			hasScannedForEncodings = 0;
			knownRegions = (
				en,
				Base,
			);
			mainGroup = ED86FD9B2CF8857F00FB9882;
			preferredProjectObjectVersion = 77;
			productRefGroup = ED86FDA52CF8857F00FB9882 /* Products */;
			projectDirPath = "";
			projectRoot = "";
			targets = (
				ED86FDA32CF8857F00FB9882 /* MyWeatherApp */,
			);
		};
/* End PBXProject section */

/* Begin PBXResourcesBuildPhase section */
		ED86FDA22CF8857F00FB9882 /* Resources */ = {
			isa = PBXResourcesBuildPhase;
			buildActionMask = 2147483647;
			files = (
				ED86FDB12CF8858000FB9882 /* Assets.xcassets in Resources */,
				415A04232D2085DC00BF0909 /* GoogleService-Info.plist in Resources */,
				ED86FDB42CF8858000FB9882 /* Base in Resources */,
			);
			runOnlyForDeploymentPostprocessing = 0;
		};
/* End PBXResourcesBuildPhase section */

/* Begin PBXShellScriptBuildPhase section */
		E39A75561F1FA6EA340695DB /* [CP] Embed Pods Frameworks */ = {
			isa = PBXShellScriptBuildPhase;
			buildActionMask = 2147483647;
			files = (
			);
			inputFileListPaths = (
				"${PODS_ROOT}/Target Support Files/Pods-MyWeatherApp/Pods-MyWeatherApp-frameworks-${CONFIGURATION}-input-files.xcfilelist",
			);
			name = "[CP] Embed Pods Frameworks";
			outputFileListPaths = (
				"${PODS_ROOT}/Target Support Files/Pods-MyWeatherApp/Pods-MyWeatherApp-frameworks-${CONFIGURATION}-output-files.xcfilelist",
			);
			runOnlyForDeploymentPostprocessing = 0;
			shellPath = /bin/sh;
			shellScript = "\"${PODS_ROOT}/Target Support Files/Pods-MyWeatherApp/Pods-MyWeatherApp-frameworks.sh\"\n";
			showEnvVarsInLog = 0;
		};
		FC49E8ACFC583694EAFB11A3 /* [CP] Check Pods Manifest.lock */ = {
			isa = PBXShellScriptBuildPhase;
			buildActionMask = 2147483647;
			files = (
			);
			inputFileListPaths = (
			);
			inputPaths = (
				"${PODS_PODFILE_DIR_PATH}/Podfile.lock",
				"${PODS_ROOT}/Manifest.lock",
			);
			name = "[CP] Check Pods Manifest.lock";
			outputFileListPaths = (
			);
			outputPaths = (
				"$(DERIVED_FILE_DIR)/Pods-MyWeatherApp-checkManifestLockResult.txt",
			);
			runOnlyForDeploymentPostprocessing = 0;
			shellPath = /bin/sh;
			shellScript = "diff \"${PODS_PODFILE_DIR_PATH}/Podfile.lock\" \"${PODS_ROOT}/Manifest.lock\" > /dev/null\nif [ $? != 0 ] ; then\n    # print error to STDERR\n    echo \"error: The sandbox is not in sync with the Podfile.lock. Run 'pod install' or update your CocoaPods installation.\" >&2\n    exit 1\nfi\n# This output is used by Xcode 'outputs' to avoid re-running this script phase.\necho \"SUCCESS\" > \"${SCRIPT_OUTPUT_FILE_0}\"\n";
			showEnvVarsInLog = 0;
		};
/* End PBXShellScriptBuildPhase section */

/* Begin PBXSourcesBuildPhase section */
		ED86FDA02CF8857F00FB9882 /* Sources */ = {
			isa = PBXSourcesBuildPhase;
			buildActionMask = 2147483647;
			files = (
				415A04492D2165DC00BF0909 /* SignUpRouter.swift in Sources */,
				415A041C2D205C2D00BF0909 /* AuthInteractor.swift in Sources */,
				ED86FDBF2CF88A7400FB9882 /* MainRouter.swift in Sources */,
				ED86FDD82CF9C7E800FB9882 /* WeatherData.swift in Sources */,
				ED86FDF02CFF39EB00FB9882 /* MainLayout.swift in Sources */,
				ED86FDA82CF8857F00FB9882 /* AppDelegate.swift in Sources */,
				415A04452D2165C600BF0909 /* SignUpPresenter.swift in Sources */,
				415A04532D23320300BF0909 /* UDStrorageManager.swift in Sources */,
				4120E0FB2D11B9D400E8BF35 /* SettingsData.swift in Sources */,
				ED86FDE72CFDE4B400FB9882 /* SectionsData.swift in Sources */,
				415A04512D2176C800BF0909 /* VKAuthManager.swift in Sources */,
				ED86FDF52D00CC7D00FB9882 /* SummaryView.swift in Sources */,
				ED86FDF72D00CD9800FB9882 /* MainColors.swift in Sources */,
				4120E10C2D141DE900E8BF35 /* Extentions.swift in Sources */,
				415A04362D21648700BF0909 /* AccountInfo.swift in Sources */,
				ED86FDC32CF88B0800FB9882 /* MainModuleBuilder.swift in Sources */,
				415A04212D2083A400BF0909 /* FireBaseAuthManager.swift in Sources */,
				415A043D2D21658F00BF0909 /* ModeView.swift in Sources */,
				415A043E2D21658F00BF0909 /* PressureView.swift in Sources */,
				415A043F2D21658F00BF0909 /* TempView.swift in Sources */,
				415A04402D21658F00BF0909 /* WindView.swift in Sources */,
				ED86FDD32CF9C71F00FB9882 /* WeatherManager.swift in Sources */,
				ED86FDDF2CFA003400FB9882 /* TodaysWeatherInfoCVCell.swift in Sources */,
				ED86FDCE2CF8989500FB9882 /* SettingsModuleBuilder.swift in Sources */,
				4120E0E32D0B06DA00E8BF35 /* DataManager.swift in Sources */,
				415A04162D205B0500BF0909 /* AuthPresenter.swift in Sources */,
				ED86FDAA2CF8857F00FB9882 /* SceneDelegate.swift in Sources */,
				ED86FDE32CFA008300FB9882 /* ActivityCVCell.swift in Sources */,
				415A041E2D205C7E00BF0909 /* AuthModuleBuilder.swift in Sources */,
				ED86FDCC2CF8988500FB9882 /* SettingsInteractor.swift in Sources */,
				ED86FDC82CF8986000FB9882 /* SettingsPresenter.swift in Sources */,
				415A04472D2165D200BF0909 /* SignUpInteractor.swift in Sources */,
				ED86FDDA2CF9C88C00FB9882 /* MainViewController.swift in Sources */,
				ED86FDBD2CF889C000FB9882 /* MainPresenter.swift in Sources */,
				ED86FDE52CFA00A900FB9882 /* XDaysCVCell.swift in Sources */,
				415A04132D20576000BF0909 /* AuthViewController.swift in Sources */,
				ED86FDC12CF88AB900FB9882 /* MainInteractor.swift in Sources */,
				415A044B2D2165ED00BF0909 /* SignUpModuleBuilder.swift in Sources */,
				ED86FDEC2CFDE9BA00FB9882 /* MainCellModel.swift in Sources */,
				ED86FDEE2CFF2A2600FB9882 /* FirstWeatherInfoCVCell.swift in Sources */,
				415A04432D2165B900BF0909 /* SignUpViewController.swift in Sources */,
				ED86FDC62CF8984500FB9882 /* SettingsViewController.swift in Sources */,
				4108B51A2D070CAD0075F9DD /* SettingsColors.swift in Sources */,
				ED86FDE12CFA007300FB9882 /* TodaysHourTempInfoCVCell.swift in Sources */,
				415A041A2D205BBC00BF0909 /* AuthRouter.swift in Sources */,
				ED86FDCA2CF8986B00FB9882 /* SettingsRouter.swift in Sources */,
			);
			runOnlyForDeploymentPostprocessing = 0;
		};
/* End PBXSourcesBuildPhase section */

/* Begin PBXVariantGroup section */
		ED86FDB22CF8858000FB9882 /* LaunchScreen.storyboard */ = {
			isa = PBXVariantGroup;
			children = (
				ED86FDB32CF8858000FB9882 /* Base */,
			);
			name = LaunchScreen.storyboard;
			sourceTree = "<group>";
		};
/* End PBXVariantGroup section */

/* Begin XCBuildConfiguration section */
		ED86FDB62CF8858000FB9882 /* Debug */ = {
			isa = XCBuildConfiguration;
			buildSettings = {
				ALWAYS_SEARCH_USER_PATHS = NO;
				ASSETCATALOG_COMPILER_GENERATE_SWIFT_ASSET_SYMBOL_EXTENSIONS = YES;
				CLANG_ANALYZER_NONNULL = YES;
				CLANG_ANALYZER_NUMBER_OBJECT_CONVERSION = YES_AGGRESSIVE;
				CLANG_CXX_LANGUAGE_STANDARD = "gnu++20";
				CLANG_ENABLE_MODULES = YES;
				CLANG_ENABLE_OBJC_ARC = YES;
				CLANG_ENABLE_OBJC_WEAK = YES;
				CLANG_WARN_BLOCK_CAPTURE_AUTORELEASING = YES;
				CLANG_WARN_BOOL_CONVERSION = YES;
				CLANG_WARN_COMMA = YES;
				CLANG_WARN_CONSTANT_CONVERSION = YES;
				CLANG_WARN_DEPRECATED_OBJC_IMPLEMENTATIONS = YES;
				CLANG_WARN_DIRECT_OBJC_ISA_USAGE = YES_ERROR;
				CLANG_WARN_DOCUMENTATION_COMMENTS = YES;
				CLANG_WARN_EMPTY_BODY = YES;
				CLANG_WARN_ENUM_CONVERSION = YES;
				CLANG_WARN_INFINITE_RECURSION = YES;
				CLANG_WARN_INT_CONVERSION = YES;
				CLANG_WARN_NON_LITERAL_NULL_CONVERSION = YES;
				CLANG_WARN_OBJC_IMPLICIT_RETAIN_SELF = YES;
				CLANG_WARN_OBJC_LITERAL_CONVERSION = YES;
				CLANG_WARN_OBJC_ROOT_CLASS = YES_ERROR;
				CLANG_WARN_QUOTED_INCLUDE_IN_FRAMEWORK_HEADER = YES;
				CLANG_WARN_RANGE_LOOP_ANALYSIS = YES;
				CLANG_WARN_STRICT_PROTOTYPES = YES;
				CLANG_WARN_SUSPICIOUS_MOVE = YES;
				CLANG_WARN_UNGUARDED_AVAILABILITY = YES_AGGRESSIVE;
				CLANG_WARN_UNREACHABLE_CODE = YES;
				CLANG_WARN__DUPLICATE_METHOD_MATCH = YES;
				COPY_PHASE_STRIP = NO;
				DEBUG_INFORMATION_FORMAT = dwarf;
				ENABLE_STRICT_OBJC_MSGSEND = YES;
				ENABLE_TESTABILITY = YES;
				ENABLE_USER_SCRIPT_SANDBOXING = NO;
				GCC_C_LANGUAGE_STANDARD = gnu17;
				GCC_DYNAMIC_NO_PIC = NO;
				GCC_NO_COMMON_BLOCKS = YES;
				GCC_OPTIMIZATION_LEVEL = 0;
				GCC_PREPROCESSOR_DEFINITIONS = (
					"DEBUG=1",
					"$(inherited)",
				);
				GCC_WARN_64_TO_32_BIT_CONVERSION = YES;
				GCC_WARN_ABOUT_RETURN_TYPE = YES_ERROR;
				GCC_WARN_UNDECLARED_SELECTOR = YES;
				GCC_WARN_UNINITIALIZED_AUTOS = YES_AGGRESSIVE;
				GCC_WARN_UNUSED_FUNCTION = YES;
				GCC_WARN_UNUSED_VARIABLE = YES;
				IPHONEOS_DEPLOYMENT_TARGET = 15.0;
				LOCALIZATION_PREFERS_STRING_CATALOGS = YES;
				MTL_ENABLE_DEBUG_INFO = INCLUDE_SOURCE;
				MTL_FAST_MATH = YES;
				ONLY_ACTIVE_ARCH = YES;
				SDKROOT = iphoneos;
				SWIFT_ACTIVE_COMPILATION_CONDITIONS = "DEBUG $(inherited)";
				SWIFT_OPTIMIZATION_LEVEL = "-Onone";
			};
			name = Debug;
		};
		ED86FDB72CF8858000FB9882 /* Release */ = {
			isa = XCBuildConfiguration;
			buildSettings = {
				ALWAYS_SEARCH_USER_PATHS = NO;
				ASSETCATALOG_COMPILER_GENERATE_SWIFT_ASSET_SYMBOL_EXTENSIONS = YES;
				CLANG_ANALYZER_NONNULL = YES;
				CLANG_ANALYZER_NUMBER_OBJECT_CONVERSION = YES_AGGRESSIVE;
				CLANG_CXX_LANGUAGE_STANDARD = "gnu++20";
				CLANG_ENABLE_MODULES = YES;
				CLANG_ENABLE_OBJC_ARC = YES;
				CLANG_ENABLE_OBJC_WEAK = YES;
				CLANG_WARN_BLOCK_CAPTURE_AUTORELEASING = YES;
				CLANG_WARN_BOOL_CONVERSION = YES;
				CLANG_WARN_COMMA = YES;
				CLANG_WARN_CONSTANT_CONVERSION = YES;
				CLANG_WARN_DEPRECATED_OBJC_IMPLEMENTATIONS = YES;
				CLANG_WARN_DIRECT_OBJC_ISA_USAGE = YES_ERROR;
				CLANG_WARN_DOCUMENTATION_COMMENTS = YES;
				CLANG_WARN_EMPTY_BODY = YES;
				CLANG_WARN_ENUM_CONVERSION = YES;
				CLANG_WARN_INFINITE_RECURSION = YES;
				CLANG_WARN_INT_CONVERSION = YES;
				CLANG_WARN_NON_LITERAL_NULL_CONVERSION = YES;
				CLANG_WARN_OBJC_IMPLICIT_RETAIN_SELF = YES;
				CLANG_WARN_OBJC_LITERAL_CONVERSION = YES;
				CLANG_WARN_OBJC_ROOT_CLASS = YES_ERROR;
				CLANG_WARN_QUOTED_INCLUDE_IN_FRAMEWORK_HEADER = YES;
				CLANG_WARN_RANGE_LOOP_ANALYSIS = YES;
				CLANG_WARN_STRICT_PROTOTYPES = YES;
				CLANG_WARN_SUSPICIOUS_MOVE = YES;
				CLANG_WARN_UNGUARDED_AVAILABILITY = YES_AGGRESSIVE;
				CLANG_WARN_UNREACHABLE_CODE = YES;
				CLANG_WARN__DUPLICATE_METHOD_MATCH = YES;
				COPY_PHASE_STRIP = NO;
				DEBUG_INFORMATION_FORMAT = "dwarf-with-dsym";
				ENABLE_NS_ASSERTIONS = NO;
				ENABLE_STRICT_OBJC_MSGSEND = YES;
				ENABLE_USER_SCRIPT_SANDBOXING = NO;
				GCC_C_LANGUAGE_STANDARD = gnu17;
				GCC_NO_COMMON_BLOCKS = YES;
				GCC_WARN_64_TO_32_BIT_CONVERSION = YES;
				GCC_WARN_ABOUT_RETURN_TYPE = YES_ERROR;
				GCC_WARN_UNDECLARED_SELECTOR = YES;
				GCC_WARN_UNINITIALIZED_AUTOS = YES_AGGRESSIVE;
				GCC_WARN_UNUSED_FUNCTION = YES;
				GCC_WARN_UNUSED_VARIABLE = YES;
				IPHONEOS_DEPLOYMENT_TARGET = 15.0;
				LOCALIZATION_PREFERS_STRING_CATALOGS = YES;
				MTL_ENABLE_DEBUG_INFO = NO;
				MTL_FAST_MATH = YES;
				SDKROOT = iphoneos;
				SWIFT_COMPILATION_MODE = wholemodule;
				VALIDATE_PRODUCT = YES;
			};
			name = Release;
		};
		ED86FDB92CF8858000FB9882 /* Debug */ = {
			isa = XCBuildConfiguration;
			baseConfigurationReference = D3409DDDDCC20B3ACF236C42 /* Pods-MyWeatherApp.debug.xcconfig */;
			buildSettings = {
				ASSETCATALOG_COMPILER_APPICON_NAME = AppIcon;
				ASSETCATALOG_COMPILER_GLOBAL_ACCENT_COLOR_NAME = AccentColor;
				CODE_SIGN_STYLE = Automatic;
				CURRENT_PROJECT_VERSION = 1;
				DEVELOPMENT_TEAM = 728595U588;
				GENERATE_INFOPLIST_FILE = YES;
				INFOPLIST_FILE = MyWeatherApp/Info.plist;
				INFOPLIST_KEY_NSLocationWhenInUseUsageDescription = "This App is using your location";
				INFOPLIST_KEY_UIApplicationSupportsIndirectInputEvents = YES;
				INFOPLIST_KEY_UILaunchStoryboardName = LaunchScreen;
				INFOPLIST_KEY_UISupportedInterfaceOrientations_iPad = "UIInterfaceOrientationPortrait UIInterfaceOrientationPortraitUpsideDown UIInterfaceOrientationLandscapeLeft UIInterfaceOrientationLandscapeRight";
				INFOPLIST_KEY_UISupportedInterfaceOrientations_iPhone = "UIInterfaceOrientationPortrait UIInterfaceOrientationLandscapeLeft UIInterfaceOrientationLandscapeRight";
				IPHONEOS_DEPLOYMENT_TARGET = 13;
				LD_RUNPATH_SEARCH_PATHS = (
					"$(inherited)",
					"@executable_path/Frameworks",
				);
				MARKETING_VERSION = 1.0;
				PRODUCT_BUNDLE_IDENTIFIER = com.alapp.MyWeatherApp;
				PRODUCT_NAME = "$(TARGET_NAME)";
				SWIFT_EMIT_LOC_STRINGS = YES;
				SWIFT_VERSION = 5.0;
				TARGETED_DEVICE_FAMILY = "1,2";
			};
			name = Debug;
		};
		ED86FDBA2CF8858000FB9882 /* Release */ = {
			isa = XCBuildConfiguration;
			baseConfigurationReference = F5925BD42301CDA1CD2CA709 /* Pods-MyWeatherApp.release.xcconfig */;
			buildSettings = {
				ASSETCATALOG_COMPILER_APPICON_NAME = AppIcon;
				ASSETCATALOG_COMPILER_GLOBAL_ACCENT_COLOR_NAME = AccentColor;
				CODE_SIGN_STYLE = Automatic;
				CURRENT_PROJECT_VERSION = 1;
				DEVELOPMENT_TEAM = 728595U588;
				GENERATE_INFOPLIST_FILE = YES;
				INFOPLIST_FILE = MyWeatherApp/Info.plist;
				INFOPLIST_KEY_NSLocationWhenInUseUsageDescription = "This App is using your location";
				INFOPLIST_KEY_UIApplicationSupportsIndirectInputEvents = YES;
				INFOPLIST_KEY_UILaunchStoryboardName = LaunchScreen;
				INFOPLIST_KEY_UISupportedInterfaceOrientations_iPad = "UIInterfaceOrientationPortrait UIInterfaceOrientationPortraitUpsideDown UIInterfaceOrientationLandscapeLeft UIInterfaceOrientationLandscapeRight";
				INFOPLIST_KEY_UISupportedInterfaceOrientations_iPhone = "UIInterfaceOrientationPortrait UIInterfaceOrientationLandscapeLeft UIInterfaceOrientationLandscapeRight";
				IPHONEOS_DEPLOYMENT_TARGET = 13;
				LD_RUNPATH_SEARCH_PATHS = (
					"$(inherited)",
					"@executable_path/Frameworks",
				);
				MARKETING_VERSION = 1.0;
				PRODUCT_BUNDLE_IDENTIFIER = com.alapp.MyWeatherApp;
				PRODUCT_NAME = "$(TARGET_NAME)";
				SWIFT_EMIT_LOC_STRINGS = YES;
				SWIFT_VERSION = 5.0;
				TARGETED_DEVICE_FAMILY = "1,2";
			};
			name = Release;
		};
/* End XCBuildConfiguration section */

/* Begin XCConfigurationList section */
		ED86FD9F2CF8857F00FB9882 /* Build configuration list for PBXProject "MyWeatherApp" */ = {
			isa = XCConfigurationList;
			buildConfigurations = (
				ED86FDB62CF8858000FB9882 /* Debug */,
				ED86FDB72CF8858000FB9882 /* Release */,
			);
			defaultConfigurationIsVisible = 0;
			defaultConfigurationName = Release;
		};
		ED86FDB82CF8858000FB9882 /* Build configuration list for PBXNativeTarget "MyWeatherApp" */ = {
			isa = XCConfigurationList;
			buildConfigurations = (
				ED86FDB92CF8858000FB9882 /* Debug */,
				ED86FDBA2CF8858000FB9882 /* Release */,
			);
			defaultConfigurationIsVisible = 0;
			defaultConfigurationName = Release;
		};
/* End XCConfigurationList section */
	};
	rootObject = ED86FD9C2CF8857F00FB9882 /* Project object */;
}
